
Microsoft Visual Studio Solution File, Format Version 12.00
# Visual Studio Version 16
VisualStudioVersion = 16.0.30611.23
MinimumVisualStudioVersion = 10.0.40219.1
Project("{9A19103F-16F7-4668-BE54-9A1E7A4F7556}") = "Perceptron", "Perceptron\Perceptron.csproj", "{89BBF380-531A-4FCE-A910-1AC2E8B81F77}"
EndProject
Project("{FAE04EC0-301F-11D3-BF4B-00C04F79EFBC}") = "PerceptronTests", "PerceptronTests\PerceptronTests.csproj", "{88107286-B026-4DB9-AE61-32979BFA11BA}"
EndProject
Global
	GlobalSection(SolutionConfigurationPlatforms) = preSolution
		Debug|Any CPU = Debug|Any CPU
		Release|Any CPU = Release|Any CPU
	EndGlobalSection
	GlobalSection(ProjectConfigurationPlatforms) = postSolution
		{89BBF380-531A-4FCE-A910-1AC2E8B81F77}.Debug|Any CPU.ActiveCfg = Debug|Any CPU
		{89BBF380-531A-4FCE-A910-1AC2E8B81F77}.Debug|Any CPU.Build.0 = Debug|Any CPU
		{89BBF380-531A-4FCE-A910-1AC2E8B81F77}.Release|Any CPU.ActiveCfg = Release|Any CPU
		{89BBF380-531A-4FCE-A910-1AC2E8B81F77}.Release|Any CPU.Build.0 = Release|Any CPU
		{88107286-B026-4DB9-AE61-32979BFA11BA}.Debug|Any CPU.ActiveCfg = Debug|Any CPU
		{88107286-B026-4DB9-AE61-32979BFA11BA}.Debug|Any CPU.Build.0 = Debug|Any CPU
		{88107286-B026-4DB9-AE61-32979BFA11BA}.Release|Any CPU.ActiveCfg = Release|Any CPU
		{88107286-B026-4DB9-AE61-32979BFA11BA}.Release|Any CPU.Build.0 = Release|Any CPU
	EndGlobalSection
	GlobalSection(SolutionProperties) = preSolution
		HideSolutionNode = FALSE
	EndGlobalSection
	GlobalSection(ExtensibilityGlobals) = postSolution
		SolutionGuid = {BFC4B5FA-AAE0-44E8-BE94-86754F302C77}
	EndGlobalSection
EndGlobal
